Microsoft Visual Studio Solution File, Format Version 10.00
# Visual Studio 2008
Project("{2150E333-8FDC-42A3-9474-1A3956D46DE8}") = "Solution Items", "Solution Items", "{59C18FA1-5FD7-4983-BDD9-FF1E0C047359}"
	ProjectSection(SolutionItems) = preProject
		bin\AjaxControlToolkit.dll = bin\AjaxControlToolkit.dll
		bin\Castle.Core.dll = bin\Castle.Core.dll
		bin\Castle.Core.xml = bin\Castle.Core.xml
		bin\Castle.DynamicProxy2.dll = bin\Castle.DynamicProxy2.dll
		bin\Castle.DynamicProxy2.xml = bin\Castle.DynamicProxy2.xml
		bin\LiquidSyntax.dll = bin\LiquidSyntax.dll
		external\nunit.core.extensions.dll = external\nunit.core.extensions.dll
		external\nunit.framework.dll = external\nunit.framework.dll
		external\NUnitAsp.dll = external\NUnitAsp.dll
		Ruhe.4.5.resharper = Ruhe.4.5.resharper
	EndProjectSection
EndProject
Project("{FAE04EC0-301F-11D3-BF4B-00C04F79EFBC}") = "Ruhe", "Ruhe\Ruhe.csproj", "{643FA05B-3CEB-41EA-B4C1-4F25BE47B398}"
EndProject
Project("{FAE04EC0-301F-11D3-BF4B-00C04F79EFBC}") = "Ruhe.Tests", "Ruhe.Tests\Ruhe.Tests.csproj", "{F461081F-4BE4-493B-94E6-CBB33D5E69CD}"
EndProject
Project("{FAE04EC0-301F-11D3-BF4B-00C04F79EFBC}") = "Ruhe.TestWeb", "Ruhe.TestWeb\Ruhe.TestWeb.csproj", "{8645D657-2B79-49E9-86B3-4EB59B65A3D6}"
EndProject
Global
	GlobalSection(SolutionConfigurationPlatforms) = preSolution
		Debug|.NET = Debug|.NET
		Debug|Any CPU = Debug|Any CPU
		Debug|Mixed Platforms = Debug|Mixed Platforms
		Release|.NET = Release|.NET
		Release|Any CPU = Release|Any CPU
		Release|Mixed Platforms = Release|Mixed Platforms
	EndGlobalSection
	GlobalSection(ProjectConfigurationPlatforms) = postSolution
		{643FA05B-3CEB-41EA-B4C1-4F25BE47B398}.Debug|.NET.ActiveCfg = Debug|Any CPU
		{643FA05B-3CEB-41EA-B4C1-4F25BE47B398}.Debug|Any CPU.ActiveCfg = Debug|Any CPU
		{643FA05B-3CEB-41EA-B4C1-4F25BE47B398}.Debug|Any CPU.Build.0 = Debug|Any CPU
		{643FA05B-3CEB-41EA-B4C1-4F25BE47B398}.Debug|Mixed Platforms.ActiveCfg = Debug|Any CPU
		{643FA05B-3CEB-41EA-B4C1-4F25BE47B398}.Debug|Mixed Platforms.Build.0 = Debug|Any CPU
		{643FA05B-3CEB-41EA-B4C1-4F25BE47B398}.Release|.NET.ActiveCfg = Release|Any CPU
		{643FA05B-3CEB-41EA-B4C1-4F25BE47B398}.Release|Any CPU.ActiveCfg = Release|Any CPU
		{643FA05B-3CEB-41EA-B4C1-4F25BE47B398}.Release|Any CPU.Build.0 = Release|Any CPU
		{643FA05B-3CEB-41EA-B4C1-4F25BE47B398}.Release|Mixed Platforms.ActiveCfg = Release|Any CPU
		{643FA05B-3CEB-41EA-B4C1-4F25BE47B398}.Release|Mixed Platforms.Build.0 = Release|Any CPU
		{F461081F-4BE4-493B-94E6-CBB33D5E69CD}.Debug|.NET.ActiveCfg = Debug|Any CPU
		{F461081F-4BE4-493B-94E6-CBB33D5E69CD}.Debug|Any CPU.ActiveCfg = Debug|Any CPU
		{F461081F-4BE4-493B-94E6-CBB33D5E69CD}.Debug|Any CPU.Build.0 = Debug|Any CPU
		{F461081F-4BE4-493B-94E6-CBB33D5E69CD}.Debug|Mixed Platforms.ActiveCfg = Debug|Any CPU
		{F461081F-4BE4-493B-94E6-CBB33D5E69CD}.Debug|Mixed Platforms.Build.0 = Debug|Any CPU
		{F461081F-4BE4-493B-94E6-CBB33D5E69CD}.Release|.NET.ActiveCfg = Release|Any CPU
		{F461081F-4BE4-493B-94E6-CBB33D5E69CD}.Release|Any CPU.ActiveCfg = Release|Any CPU
		{F461081F-4BE4-493B-94E6-CBB33D5E69CD}.Release|Any CPU.Build.0 = Release|Any CPU
		{F461081F-4BE4-493B-94E6-CBB33D5E69CD}.Release|Mixed Platforms.ActiveCfg = Release|Any CPU
		{F461081F-4BE4-493B-94E6-CBB33D5E69CD}.Release|Mixed Platforms.Build.0 = Release|Any CPU
		{8645D657-2B79-49E9-86B3-4EB59B65A3D6}.Debug|.NET.ActiveCfg = Debug|Any CPU
		{8645D657-2B79-49E9-86B3-4EB59B65A3D6}.Debug|Any CPU.ActiveCfg = Debug|Any CPU
		{8645D657-2B79-49E9-86B3-4EB59B65A3D6}.Debug|Any CPU.Build.0 = Debug|Any CPU
		{8645D657-2B79-49E9-86B3-4EB59B65A3D6}.Debug|Mixed Platforms.ActiveCfg = Debug|Any CPU
		{8645D657-2B79-49E9-86B3-4EB59B65A3D6}.Debug|Mixed Platforms.Build.0 = Debug|Any CPU
		{8645D657-2B79-49E9-86B3-4EB59B65A3D6}.Release|.NET.ActiveCfg = Release|Any CPU
		{8645D657-2B79-49E9-86B3-4EB59B65A3D6}.Release|Any CPU.ActiveCfg = Release|Any CPU
		{8645D657-2B79-49E9-86B3-4EB59B65A3D6}.Release|Any CPU.Build.0 = Release|Any CPU
		{8645D657-2B79-49E9-86B3-4EB59B65A3D6}.Release|Mixed Platforms.ActiveCfg = Release|Any CPU
		{8645D657-2B79-49E9-86B3-4EB59B65A3D6}.Release|Mixed Platforms.Build.0 = Release|Any CPU
	EndGlobalSection
	GlobalSection(SolutionProperties) = preSolution
		HideSolutionNode = FALSE
	EndGlobalSection
	GlobalSection(SubversionScc) = preSolution
		Svn-Managed = True
		Manager = AnkhSVN - Subversion Support for Visual Studio
	EndGlobalSection
EndGlobal
